// !$*UTF8*$!
{
	archiveVersion = 1;
	classes = {
	};
	objectVersion = 56;
	objects = {

/* Begin PBXBuildFile section */
		1017DB712AFEA19700B24285 /* HomeHorizontalItemCell.swift in Sources */ = {isa = PBXBuildFile; fileRef = 1017DB6F2AFEA19700B24285 /* HomeHorizontalItemCell.swift */; };
		1017DB722AFEA19700B24285 /* HomeHorizontalItemCell.xib in Resources */ = {isa = PBXBuildFile; fileRef = 1017DB702AFEA19700B24285 /* HomeHorizontalItemCell.xib */; };
		1017DB762AFEAD4800B24285 /* Product.swift in Sources */ = {isa = PBXBuildFile; fileRef = 1017DB752AFEAD4800B24285 /* Product.swift */; };
		1017DB782AFEAF3000B24285 /* ProductGenerator.swift in Sources */ = {isa = PBXBuildFile; fileRef = 1017DB772AFEAF3000B24285 /* ProductGenerator.swift */; };
		1017DB7B2AFEB5AF00B24285 /* LoginPageViewController.swift in Sources */ = {isa = PBXBuildFile; fileRef = 1017DB7A2AFEB5AF00B24285 /* LoginPageViewController.swift */; };
		1017DB822AFEC6C200B24285 /* FavoriteTableCell.swift in Sources */ = {isa = PBXBuildFile; fileRef = 1017DB802AFEC6C200B24285 /* FavoriteTableCell.swift */; };
		1017DB832AFEC6C200B24285 /* FavoriteTableCell.xib in Resources */ = {isa = PBXBuildFile; fileRef = 1017DB812AFEC6C200B24285 /* FavoriteTableCell.xib */; };
		1017DB852AFED4CB00B24285 /* ProductPageController.swift in Sources */ = {isa = PBXBuildFile; fileRef = 1017DB842AFED4CB00B24285 /* ProductPageController.swift */; };
		1017DB892AFED5DA00B24285 /* BasketTableCell.swift in Sources */ = {isa = PBXBuildFile; fileRef = 1017DB872AFED5DA00B24285 /* BasketTableCell.swift */; };
		1017DB8A2AFED5DA00B24285 /* BasketTableCell.xib in Resources */ = {isa = PBXBuildFile; fileRef = 1017DB882AFED5DA00B24285 /* BasketTableCell.xib */; };
		102FD3212B0BF486002572DF /* FavoriteJsManagerHelper.swift in Sources */ = {isa = PBXBuildFile; fileRef = 102FD3202B0BF486002572DF /* FavoriteJsManagerHelper.swift */; };
		102FD3232B0BF4F4002572DF /* FavoriteFromJson.swift in Sources */ = {isa = PBXBuildFile; fileRef = 102FD3222B0BF4F4002572DF /* FavoriteFromJson.swift */; };
		102FD3252B0C018C002572DF /* ProductJsFileManager.swift in Sources */ = {isa = PBXBuildFile; fileRef = 102FD3242B0C018C002572DF /* ProductJsFileManager.swift */; };
		102FD3272B0C01E3002572DF /* ProductJsParsHelper.swift in Sources */ = {isa = PBXBuildFile; fileRef = 102FD3262B0C01E3002572DF /* ProductJsParsHelper.swift */; };
		10353BAA2AFF790B00286BB2 /* HomeCategoryTableViewCell.swift in Sources */ = {isa = PBXBuildFile; fileRef = 10353BA82AFF790B00286BB2 /* HomeCategoryTableViewCell.swift */; };
		10353BAB2AFF790B00286BB2 /* HomeCategoryTableViewCell.xib in Resources */ = {isa = PBXBuildFile; fileRef = 10353BA92AFF790B00286BB2 /* HomeCategoryTableViewCell.xib */; };
		10353BAD2AFF7F0D00286BB2 /* RegisterPageViewController.swift in Sources */ = {isa = PBXBuildFile; fileRef = 10353BAC2AFF7F0D00286BB2 /* RegisterPageViewController.swift */; };
		10353BB22AFF828F00286BB2 /* HomeProductTableViewCell.swift in Sources */ = {isa = PBXBuildFile; fileRef = 10353BB02AFF828F00286BB2 /* HomeProductTableViewCell.swift */; };
		10353BB32AFF828F00286BB2 /* HomeProductTableViewCell.xib in Resources */ = {isa = PBXBuildFile; fileRef = 10353BB12AFF828F00286BB2 /* HomeProductTableViewCell.xib */; };
		103F8CBA2B0AB16F002F78A4 /* Lottie in Frameworks */ = {isa = PBXBuildFile; productRef = 103F8CB92B0AB16F002F78A4 /* Lottie */; };
		103F8CBC2B0AB20A002F78A4 /* AnimationLogin.json in Resources */ = {isa = PBXBuildFile; fileRef = 103F8CBB2B0AB20A002F78A4 /* AnimationLogin.json */; };
		103F8CBE2B0AB269002F78A4 /* AnimationRegister1.json in Resources */ = {isa = PBXBuildFile; fileRef = 103F8CBD2B0AB269002F78A4 /* AnimationRegister1.json */; };
		103F8CC02B0AB29B002F78A4 /* AnimationRegister.json in Resources */ = {isa = PBXBuildFile; fileRef = 103F8CBF2B0AB29B002F78A4 /* AnimationRegister.json */; };
		104BFD9C2B025A0B000667AE /* ProfilePageViewController.swift in Sources */ = {isa = PBXBuildFile; fileRef = 104BFD9B2B025A0B000667AE /* ProfilePageViewController.swift */; };
		104BFD9E2B0285F7000667AE /* User.swift in Sources */ = {isa = PBXBuildFile; fileRef = 104BFD9D2B0285F7000667AE /* User.swift */; };
		104BFDA02B028711000667AE /* UserHelper.swift in Sources */ = {isa = PBXBuildFile; fileRef = 104BFD9F2B028711000667AE /* UserHelper.swift */; };
		104BFDA22B028A94000667AE /* LoginPageViewModel.swift in Sources */ = {isa = PBXBuildFile; fileRef = 104BFDA12B028A94000667AE /* LoginPageViewModel.swift */; };
		104BFDA42B02904A000667AE /* RegisterPageViewModel.swift in Sources */ = {isa = PBXBuildFile; fileRef = 104BFDA32B02904A000667AE /* RegisterPageViewModel.swift */; };
		1057A1FB2AFFA899003F3C2D /* CatalogCategoryTableViewCell.swift in Sources */ = {isa = PBXBuildFile; fileRef = 1057A1F92AFFA899003F3C2D /* CatalogCategoryTableViewCell.swift */; };
		1057A1FC2AFFA899003F3C2D /* CatalogCategoryTableViewCell.xib in Resources */ = {isa = PBXBuildFile; fileRef = 1057A1FA2AFFA899003F3C2D /* CatalogCategoryTableViewCell.xib */; };
		1057A2002AFFA99D003F3C2D /* CatalogTypesCollectionViewCell.swift in Sources */ = {isa = PBXBuildFile; fileRef = 1057A1FE2AFFA99D003F3C2D /* CatalogTypesCollectionViewCell.swift */; };
		1057A2012AFFA99D003F3C2D /* CatalogTypesCollectionViewCell.xib in Resources */ = {isa = PBXBuildFile; fileRef = 1057A1FF2AFFA99D003F3C2D /* CatalogTypesCollectionViewCell.xib */; };
		1057A2042AFFAA55003F3C2D /* CatalogProductTableCell.swift in Sources */ = {isa = PBXBuildFile; fileRef = 1057A2022AFFAA55003F3C2D /* CatalogProductTableCell.swift */; };
		1057A2052AFFAA55003F3C2D /* CatalogProductTableCell.xib in Resources */ = {isa = PBXBuildFile; fileRef = 1057A2032AFFAA55003F3C2D /* CatalogProductTableCell.xib */; };
		1057A2092AFFAB52003F3C2D /* CategoryProductCollectionViewCell.swift in Sources */ = {isa = PBXBuildFile; fileRef = 1057A2072AFFAB52003F3C2D /* CategoryProductCollectionViewCell.swift */; };
		1057A20A2AFFAB52003F3C2D /* CategoryProductCollectionViewCell.xib in Resources */ = {isa = PBXBuildFile; fileRef = 1057A2082AFFAB52003F3C2D /* CategoryProductCollectionViewCell.xib */; };
		1074E61F2B09A46E009D9AC4 /* ProfilPageViewModel.swift in Sources */ = {isa = PBXBuildFile; fileRef = 1074E61E2B09A46E009D9AC4 /* ProfilPageViewModel.swift */; };
		108305EE2AFD30D8007D48A9 /* HomeCategoryHeaderCell.swift in Sources */ = {isa = PBXBuildFile; fileRef = 108305EC2AFD30D8007D48A9 /* HomeCategoryHeaderCell.swift */; };
		108305EF2AFD30D8007D48A9 /* HomeCategoryHeaderCell.xib in Resources */ = {isa = PBXBuildFile; fileRef = 108305ED2AFD30D8007D48A9 /* HomeCategoryHeaderCell.xib */; };
		108B6AF82B0974520058EA3C /* PRODUCTJSON.json in Resources */ = {isa = PBXBuildFile; fileRef = 108B6AF72B0974520058EA3C /* PRODUCTJSON.json */; };
		108B6AFA2B0974E00058EA3C /* PRODUCTJs.swift in Sources */ = {isa = PBXBuildFile; fileRef = 108B6AF92B0974E00058EA3C /* PRODUCTJs.swift */; };
		108B6AFC2B09751C0058EA3C /* Parser.swift in Sources */ = {isa = PBXBuildFile; fileRef = 108B6AFB2B09751C0058EA3C /* Parser.swift */; };
		108B6AFE2B09757D0058EA3C /* ProductJsGenerator.swift in Sources */ = {isa = PBXBuildFile; fileRef = 108B6AFD2B09757D0058EA3C /* ProductJsGenerator.swift */; };
		108B6B012B0986D70058EA3C /* ProductPageViewModel.swift in Sources */ = {isa = PBXBuildFile; fileRef = 108B6B002B0986D70058EA3C /* ProductPageViewModel.swift */; };
		108FCDF72B01269200516822 /* HomePageViewModel.swift in Sources */ = {isa = PBXBuildFile; fileRef = 108FCDF62B01269200516822 /* HomePageViewModel.swift */; };
		108FCDF92B0133EB00516822 /* HomeProductTableViewModel.swift in Sources */ = {isa = PBXBuildFile; fileRef = 108FCDF82B0133EB00516822 /* HomeProductTableViewModel.swift */; };
		108FCDFB2B01378800516822 /* Categories.swift in Sources */ = {isa = PBXBuildFile; fileRef = 108FCDFA2B01378800516822 /* Categories.swift */; };
		108FCDFD2B0137E000516822 /* CategoryHelper.swift in Sources */ = {isa = PBXBuildFile; fileRef = 108FCDFC2B0137E000516822 /* CategoryHelper.swift */; };
		108FCDFF2B0139F800516822 /* HomeCategoryTableViewModel.swift in Sources */ = {isa = PBXBuildFile; fileRef = 108FCDFE2B0139F800516822 /* HomeCategoryTableViewModel.swift */; };
		108FCE032B01556200516822 /* CatalogPageViewModel.swift in Sources */ = {isa = PBXBuildFile; fileRef = 108FCE022B01556200516822 /* CatalogPageViewModel.swift */; };
		108FCE052B015A0D00516822 /* CatalogProductViewModel.swift in Sources */ = {isa = PBXBuildFile; fileRef = 108FCE042B015A0D00516822 /* CatalogProductViewModel.swift */; };
		108FCE072B01634300516822 /* CatalogCategoryViewModel.swift in Sources */ = {isa = PBXBuildFile; fileRef = 108FCE062B01634300516822 /* CatalogCategoryViewModel.swift */; };
		10A456EB2B06765F007BA7A3 /* FavoriteHelper.swift in Sources */ = {isa = PBXBuildFile; fileRef = 10A456EA2B06765F007BA7A3 /* FavoriteHelper.swift */; };
		10A456ED2B0676D0007BA7A3 /* FavoritePageViewModel.swift in Sources */ = {isa = PBXBuildFile; fileRef = 10A456EC2B0676D0007BA7A3 /* FavoritePageViewModel.swift */; };
		10AC8FCD2B0CF3B7004467A6 /* ParserforFav.swift in Sources */ = {isa = PBXBuildFile; fileRef = 10AC8FCC2B0CF3B7004467A6 /* ParserforFav.swift */; };
		10C754862AF69513004ED063 /* AppDelegate.swift in Sources */ = {isa = PBXBuildFile; fileRef = 10C754852AF69513004ED063 /* AppDelegate.swift */; };
		10C754882AF69513004ED063 /* SceneDelegate.swift in Sources */ = {isa = PBXBuildFile; fileRef = 10C754872AF69513004ED063 /* SceneDelegate.swift */; };
		10C7548D2AF69513004ED063 /* Main.storyboard in Resources */ = {isa = PBXBuildFile; fileRef = 10C7548B2AF69513004ED063 /* Main.storyboard */; };
		10C754902AF69513004ED063 /* BuildMe.xcdatamodeld in Sources */ = {isa = PBXBuildFile; fileRef = 10C7548E2AF69513004ED063 /* BuildMe.xcdatamodeld */; };
		10C754922AF69514004ED063 /* Assets.xcassets in Resources */ = {isa = PBXBuildFile; fileRef = 10C754912AF69514004ED063 /* Assets.xcassets */; };
		10C754952AF69514004ED063 /* LaunchScreen.storyboard in Resources */ = {isa = PBXBuildFile; fileRef = 10C754932AF69514004ED063 /* LaunchScreen.storyboard */; };
		10C7549E2AF6955C004ED063 /* Realm in Frameworks */ = {isa = PBXBuildFile; productRef = 10C7549D2AF6955C004ED063 /* Realm */; };
		10C754A02AF6955C004ED063 /* RealmSwift in Frameworks */ = {isa = PBXBuildFile; productRef = 10C7549F2AF6955C004ED063 /* RealmSwift */; };
		10C754A82AF69902004ED063 /* HomePageViewController.swift in Sources */ = {isa = PBXBuildFile; fileRef = 10C754A72AF69902004ED063 /* HomePageViewController.swift */; };
		10C754AA2AF6995A004ED063 /* CatalogPageViewController.swift in Sources */ = {isa = PBXBuildFile; fileRef = 10C754A92AF6995A004ED063 /* CatalogPageViewController.swift */; };
		10C754AC2AF6997A004ED063 /* FavoritePageViewController.swift in Sources */ = {isa = PBXBuildFile; fileRef = 10C754AB2AF6997A004ED063 /* FavoritePageViewController.swift */; };
		10C754AE2AF699C7004ED063 /* BasketPageViewController.swift in Sources */ = {isa = PBXBuildFile; fileRef = 10C754AD2AF699C7004ED063 /* BasketPageViewController.swift */; };
/* End PBXBuildFile section */

/* Begin PBXFileReference section */
		1017DB6F2AFEA19700B24285 /* HomeHorizontalItemCell.swift */ = {isa = PBXFileReference; lastKnownFileType = sourcecode.swift; path = HomeHorizontalItemCell.swift; sourceTree = "<group>"; };
		1017DB702AFEA19700B24285 /* HomeHorizontalItemCell.xib */ = {isa = PBXFileReference; lastKnownFileType = file.xib; path = HomeHorizontalItemCell.xib; sourceTree = "<group>"; };
		1017DB752AFEAD4800B24285 /* Product.swift */ = {isa = PBXFileReference; lastKnownFileType = sourcecode.swift; path = Product.swift; sourceTree = "<group>"; };
		1017DB772AFEAF3000B24285 /* ProductGenerator.swift */ = {isa = PBXFileReference; lastKnownFileType = sourcecode.swift; path = ProductGenerator.swift; sourceTree = "<group>"; };
		1017DB7A2AFEB5AF00B24285 /* LoginPageViewController.swift */ = {isa = PBXFileReference; lastKnownFileType = sourcecode.swift; path = LoginPageViewController.swift; sourceTree = "<group>"; };
		1017DB802AFEC6C200B24285 /* FavoriteTableCell.swift */ = {isa = PBXFileReference; lastKnownFileType = sourcecode.swift; path = FavoriteTableCell.swift; sourceTree = "<group>"; };
		1017DB812AFEC6C200B24285 /* FavoriteTableCell.xib */ = {isa = PBXFileReference; lastKnownFileType = file.xib; path = FavoriteTableCell.xib; sourceTree = "<group>"; };
		1017DB842AFED4CB00B24285 /* ProductPageController.swift */ = {isa = PBXFileReference; lastKnownFileType = sourcecode.swift; path = ProductPageController.swift; sourceTree = "<group>"; };
		1017DB872AFED5DA00B24285 /* BasketTableCell.swift */ = {isa = PBXFileReference; lastKnownFileType = sourcecode.swift; path = BasketTableCell.swift; sourceTree = "<group>"; };
		1017DB882AFED5DA00B24285 /* BasketTableCell.xib */ = {isa = PBXFileReference; lastKnownFileType = file.xib; path = BasketTableCell.xib; sourceTree = "<group>"; };
		102FD3202B0BF486002572DF /* FavoriteJsManagerHelper.swift */ = {isa = PBXFileReference; lastKnownFileType = sourcecode.swift; path = FavoriteJsManagerHelper.swift; sourceTree = "<group>"; };
		102FD3222B0BF4F4002572DF /* FavoriteFromJson.swift */ = {isa = PBXFileReference; lastKnownFileType = sourcecode.swift; path = FavoriteFromJson.swift; sourceTree = "<group>"; };
		102FD3242B0C018C002572DF /* ProductJsFileManager.swift */ = {isa = PBXFileReference; lastKnownFileType = sourcecode.swift; path = ProductJsFileManager.swift; sourceTree = "<group>"; };
		102FD3262B0C01E3002572DF /* ProductJsParsHelper.swift */ = {isa = PBXFileReference; lastKnownFileType = sourcecode.swift; path = ProductJsParsHelper.swift; sourceTree = "<group>"; };
		10353BA82AFF790B00286BB2 /* HomeCategoryTableViewCell.swift */ = {isa = PBXFileReference; lastKnownFileType = sourcecode.swift; path = HomeCategoryTableViewCell.swift; sourceTree = "<group>"; };
		10353BA92AFF790B00286BB2 /* HomeCategoryTableViewCell.xib */ = {isa = PBXFileReference; lastKnownFileType = file.xib; path = HomeCategoryTableViewCell.xib; sourceTree = "<group>"; };
		10353BAC2AFF7F0D00286BB2 /* RegisterPageViewController.swift */ = {isa = PBXFileReference; lastKnownFileType = sourcecode.swift; path = RegisterPageViewController.swift; sourceTree = "<group>"; };
		10353BB02AFF828F00286BB2 /* HomeProductTableViewCell.swift */ = {isa = PBXFileReference; lastKnownFileType = sourcecode.swift; path = HomeProductTableViewCell.swift; sourceTree = "<group>"; };
		10353BB12AFF828F00286BB2 /* HomeProductTableViewCell.xib */ = {isa = PBXFileReference; lastKnownFileType = file.xib; path = HomeProductTableViewCell.xib; sourceTree = "<group>"; };
		103F8CBB2B0AB20A002F78A4 /* AnimationLogin.json */ = {isa = PBXFileReference; fileEncoding = 4; lastKnownFileType = text.json; path = AnimationLogin.json; sourceTree = "<group>"; };
		103F8CBD2B0AB269002F78A4 /* AnimationRegister1.json */ = {isa = PBXFileReference; fileEncoding = 4; lastKnownFileType = text.json; path = AnimationRegister1.json; sourceTree = "<group>"; };
		103F8CBF2B0AB29B002F78A4 /* AnimationRegister.json */ = {isa = PBXFileReference; fileEncoding = 4; lastKnownFileType = text.json; path = AnimationRegister.json; sourceTree = "<group>"; };
		104BFD9B2B025A0B000667AE /* ProfilePageViewController.swift */ = {isa = PBXFileReference; lastKnownFileType = sourcecode.swift; path = ProfilePageViewController.swift; sourceTree = "<group>"; };
		104BFD9D2B0285F7000667AE /* User.swift */ = {isa = PBXFileReference; lastKnownFileType = sourcecode.swift; path = User.swift; sourceTree = "<group>"; };
		104BFD9F2B028711000667AE /* UserHelper.swift */ = {isa = PBXFileReference; lastKnownFileType = sourcecode.swift; path = UserHelper.swift; sourceTree = "<group>"; };
		104BFDA12B028A94000667AE /* LoginPageViewModel.swift */ = {isa = PBXFileReference; lastKnownFileType = sourcecode.swift; path = LoginPageViewModel.swift; sourceTree = "<group>"; };
		104BFDA32B02904A000667AE /* RegisterPageViewModel.swift */ = {isa = PBXFileReference; lastKnownFileType = sourcecode.swift; path = RegisterPageViewModel.swift; sourceTree = "<group>"; };
		1057A1F92AFFA899003F3C2D /* CatalogCategoryTableViewCell.swift */ = {isa = PBXFileReference; lastKnownFileType = sourcecode.swift; path = CatalogCategoryTableViewCell.swift; sourceTree = "<group>"; };
		1057A1FA2AFFA899003F3C2D /* CatalogCategoryTableViewCell.xib */ = {isa = PBXFileReference; lastKnownFileType = file.xib; path = CatalogCategoryTableViewCell.xib; sourceTree = "<group>"; };
		1057A1FE2AFFA99D003F3C2D /* CatalogTypesCollectionViewCell.swift */ = {isa = PBXFileReference; lastKnownFileType = sourcecode.swift; path = CatalogTypesCollectionViewCell.swift; sourceTree = "<group>"; };
		1057A1FF2AFFA99D003F3C2D /* CatalogTypesCollectionViewCell.xib */ = {isa = PBXFileReference; lastKnownFileType = file.xib; path = CatalogTypesCollectionViewCell.xib; sourceTree = "<group>"; };
		1057A2022AFFAA55003F3C2D /* CatalogProductTableCell.swift */ = {isa = PBXFileReference; lastKnownFileType = sourcecode.swift; path = CatalogProductTableCell.swift; sourceTree = "<group>"; };
		1057A2032AFFAA55003F3C2D /* CatalogProductTableCell.xib */ = {isa = PBXFileReference; lastKnownFileType = file.xib; path = CatalogProductTableCell.xib; sourceTree = "<group>"; };
		1057A2072AFFAB52003F3C2D /* CategoryProductCollectionViewCell.swift */ = {isa = PBXFileReference; lastKnownFileType = sourcecode.swift; path = CategoryProductCollectionViewCell.swift; sourceTree = "<group>"; };
		1057A2082AFFAB52003F3C2D /* CategoryProductCollectionViewCell.xib */ = {isa = PBXFileReference; lastKnownFileType = file.xib; path = CategoryProductCollectionViewCell.xib; sourceTree = "<group>"; };
		1074E61E2B09A46E009D9AC4 /* ProfilPageViewModel.swift */ = {isa = PBXFileReference; lastKnownFileType = sourcecode.swift; path = ProfilPageViewModel.swift; sourceTree = "<group>"; };
		108305EC2AFD30D8007D48A9 /* HomeCategoryHeaderCell.swift */ = {isa = PBXFileReference; lastKnownFileType = sourcecode.swift; path = HomeCategoryHeaderCell.swift; sourceTree = "<group>"; };
		108305ED2AFD30D8007D48A9 /* HomeCategoryHeaderCell.xib */ = {isa = PBXFileReference; lastKnownFileType = file.xib; path = HomeCategoryHeaderCell.xib; sourceTree = "<group>"; };
		108B6AF72B0974520058EA3C /* PRODUCTJSON.json */ = {isa = PBXFileReference; lastKnownFileType = text.json; path = PRODUCTJSON.json; sourceTree = "<group>"; };
		108B6AF92B0974E00058EA3C /* PRODUCTJs.swift */ = {isa = PBXFileReference; lastKnownFileType = sourcecode.swift; path = PRODUCTJs.swift; sourceTree = "<group>"; };
		108B6AFB2B09751C0058EA3C /* Parser.swift */ = {isa = PBXFileReference; lastKnownFileType = sourcecode.swift; path = Parser.swift; sourceTree = "<group>"; };
		108B6AFD2B09757D0058EA3C /* ProductJsGenerator.swift */ = {isa = PBXFileReference; lastKnownFileType = sourcecode.swift; path = ProductJsGenerator.swift; sourceTree = "<group>"; };
		108B6B002B0986D70058EA3C /* ProductPageViewModel.swift */ = {isa = PBXFileReference; lastKnownFileType = sourcecode.swift; path = ProductPageViewModel.swift; sourceTree = "<group>"; };
		108FCDF62B01269200516822 /* HomePageViewModel.swift */ = {isa = PBXFileReference; lastKnownFileType = sourcecode.swift; path = HomePageViewModel.swift; sourceTree = "<group>"; };
		108FCDF82B0133EB00516822 /* HomeProductTableViewModel.swift */ = {isa = PBXFileReference; lastKnownFileType = sourcecode.swift; path = HomeProductTableViewModel.swift; sourceTree = "<group>"; };
		108FCDFA2B01378800516822 /* Categories.swift */ = {isa = PBXFileReference; lastKnownFileType = sourcecode.swift; path = Categories.swift; sourceTree = "<group>"; };
		108FCDFC2B0137E000516822 /* CategoryHelper.swift */ = {isa = PBXFileReference; lastKnownFileType = sourcecode.swift; path = CategoryHelper.swift; sourceTree = "<group>"; };
		108FCDFE2B0139F800516822 /* HomeCategoryTableViewModel.swift */ = {isa = PBXFileReference; lastKnownFileType = sourcecode.swift; path = HomeCategoryTableViewModel.swift; sourceTree = "<group>"; };
		108FCE022B01556200516822 /* CatalogPageViewModel.swift */ = {isa = PBXFileReference; lastKnownFileType = sourcecode.swift; path = CatalogPageViewModel.swift; sourceTree = "<group>"; };
		108FCE042B015A0D00516822 /* CatalogProductViewModel.swift */ = {isa = PBXFileReference; lastKnownFileType = sourcecode.swift; path = CatalogProductViewModel.swift; sourceTree = "<group>"; };
		108FCE062B01634300516822 /* CatalogCategoryViewModel.swift */ = {isa = PBXFileReference; lastKnownFileType = sourcecode.swift; path = CatalogCategoryViewModel.swift; sourceTree = "<group>"; };
		10A456EA2B06765F007BA7A3 /* FavoriteHelper.swift */ = {isa = PBXFileReference; lastKnownFileType = sourcecode.swift; path = FavoriteHelper.swift; sourceTree = "<group>"; };
		10A456EC2B0676D0007BA7A3 /* FavoritePageViewModel.swift */ = {isa = PBXFileReference; lastKnownFileType = sourcecode.swift; path = FavoritePageViewModel.swift; sourceTree = "<group>"; };
		10AC8FCC2B0CF3B7004467A6 /* ParserforFav.swift */ = {isa = PBXFileReference; lastKnownFileType = sourcecode.swift; path = ParserforFav.swift; sourceTree = "<group>"; };
		10C754822AF69513004ED063 /* BuildMe.app */ = {isa = PBXFileReference; explicitFileType = wrapper.application; includeInIndex = 0; path = BuildMe.app; sourceTree = BUILT_PRODUCTS_DIR; };
		10C754852AF69513004ED063 /* AppDelegate.swift */ = {isa = PBXFileReference; lastKnownFileType = sourcecode.swift; path = AppDelegate.swift; sourceTree = "<group>"; };
		10C754872AF69513004ED063 /* SceneDelegate.swift */ = {isa = PBXFileReference; lastKnownFileType = sourcecode.swift; path = SceneDelegate.swift; sourceTree = "<group>"; };
		10C7548C2AF69513004ED063 /* Base */ = {isa = PBXFileReference; lastKnownFileType = file.storyboard; name = Base; path = Base.lproj/Main.storyboard; sourceTree = "<group>"; };
		10C7548F2AF69513004ED063 /* BuildMe.xcdatamodel */ = {isa = PBXFileReference; lastKnownFileType = wrapper.xcdatamodel; path = BuildMe.xcdatamodel; sourceTree = "<group>"; };
		10C754912AF69514004ED063 /* Assets.xcassets */ = {isa = PBXFileReference; lastKnownFileType = folder.assetcatalog; path = Assets.xcassets; sourceTree = "<group>"; };
		10C754942AF69514004ED063 /* Base */ = {isa = PBXFileReference; lastKnownFileType = file.storyboard; name = Base; path = Base.lproj/LaunchScreen.storyboard; sourceTree = "<group>"; };
		10C754962AF69514004ED063 /* Info.plist */ = {isa = PBXFileReference; lastKnownFileType = text.plist.xml; path = Info.plist; sourceTree = "<group>"; };
		10C754A72AF69902004ED063 /* HomePageViewController.swift */ = {isa = PBXFileReference; lastKnownFileType = sourcecode.swift; path = HomePageViewController.swift; sourceTree = "<group>"; };
		10C754A92AF6995A004ED063 /* CatalogPageViewController.swift */ = {isa = PBXFileReference; lastKnownFileType = sourcecode.swift; path = CatalogPageViewController.swift; sourceTree = "<group>"; };
		10C754AB2AF6997A004ED063 /* FavoritePageViewController.swift */ = {isa = PBXFileReference; lastKnownFileType = sourcecode.swift; path = FavoritePageViewController.swift; sourceTree = "<group>"; };
		10C754AD2AF699C7004ED063 /* BasketPageViewController.swift */ = {isa = PBXFileReference; lastKnownFileType = sourcecode.swift; path = BasketPageViewController.swift; sourceTree = "<group>"; };
/* End PBXFileReference section */

/* Begin PBXFrameworksBuildPhase section */
		10C7547F2AF69513004ED063 /* Frameworks */ = {
			isa = PBXFrameworksBuildPhase;
			buildActionMask = 2147483647;
			files = (
				10C754A02AF6955C004ED063 /* RealmSwift in Frameworks */,
				10C7549E2AF6955C004ED063 /* Realm in Frameworks */,
				103F8CBA2B0AB16F002F78A4 /* Lottie in Frameworks */,
			);
			runOnlyForDeploymentPostprocessing = 0;
		};
/* End PBXFrameworksBuildPhase section */

/* Begin PBXGroup section */
		1017DB692AFE91F100B24285 /* HomeCategoryCollectionView */ = {
			isa = PBXGroup;
			children = (
				108305EC2AFD30D8007D48A9 /* HomeCategoryHeaderCell.swift */,
				108305ED2AFD30D8007D48A9 /* HomeCategoryHeaderCell.xib */,
			);
			path = HomeCategoryCollectionView;
			sourceTree = "<group>";
		};
		1017DB6A2AFE920500B24285 /* HomeProductCollectionView */ = {
			isa = PBXGroup;
			children = (
				1017DB6F2AFEA19700B24285 /* HomeHorizontalItemCell.swift */,
				1017DB702AFEA19700B24285 /* HomeHorizontalItemCell.xib */,
			);
			path = HomeProductCollectionView;
			sourceTree = "<group>";
		};
		1017DB792AFEAF4100B24285 /* Helper */ = {
			isa = PBXGroup;
			children = (
				1017DB772AFEAF3000B24285 /* ProductGenerator.swift */,
				108FCDFC2B0137E000516822 /* CategoryHelper.swift */,
				104BFD9F2B028711000667AE /* UserHelper.swift */,
				10A456EA2B06765F007BA7A3 /* FavoriteHelper.swift */,
			);
			path = Helper;
			sourceTree = "<group>";
		};
		1017DB7C2AFEBBEE00B24285 /* CatalogPageView */ = {
			isa = PBXGroup;
			children = (
				1057A1F72AFFA82C003F3C2D /* CatalogTypesTableView */,
				1057A1F82AFFA83E003F3C2D /* ProductsTableView */,
			);
			path = CatalogPageView;
			sourceTree = "<group>";
		};
		1017DB7F2AFEC69D00B24285 /* FavoritePageView */ = {
			isa = PBXGroup;
			children = (
				1017DB802AFEC6C200B24285 /* FavoriteTableCell.swift */,
				1017DB812AFEC6C200B24285 /* FavoriteTableCell.xib */,
			);
			path = FavoritePageView;
			sourceTree = "<group>";
		};
		1017DB862AFED5B200B24285 /* BasketPageView */ = {
			isa = PBXGroup;
			children = (
				1017DB872AFED5DA00B24285 /* BasketTableCell.swift */,
				1017DB882AFED5DA00B24285 /* BasketTableCell.xib */,
			);
			path = BasketPageView;
			sourceTree = "<group>";
		};
		102FBCF52B054D5300785829 /* ProductPageView */ = {
			isa = PBXGroup;
			children = (
			);
			path = ProductPageView;
			sourceTree = "<group>";
		};
		10353BA72AFF78BD00286BB2 /* HomePageView */ = {
			isa = PBXGroup;
			children = (
				10353BAE2AFF824400286BB2 /* HomeCatogoryTable */,
				10353BAF2AFF825C00286BB2 /* HomeProductTable */,
			);
			path = HomePageView;
			sourceTree = "<group>";
		};
		10353BAE2AFF824400286BB2 /* HomeCatogoryTable */ = {
			isa = PBXGroup;
			children = (
				10353BA82AFF790B00286BB2 /* HomeCategoryTableViewCell.swift */,
				10353BA92AFF790B00286BB2 /* HomeCategoryTableViewCell.xib */,
				1017DB692AFE91F100B24285 /* HomeCategoryCollectionView */,
			);
			path = HomeCatogoryTable;
			sourceTree = "<group>";
		};
		10353BAF2AFF825C00286BB2 /* HomeProductTable */ = {
			isa = PBXGroup;
			children = (
				10353BB02AFF828F00286BB2 /* HomeProductTableViewCell.swift */,
				10353BB12AFF828F00286BB2 /* HomeProductTableViewCell.xib */,
				1017DB6A2AFE920500B24285 /* HomeProductCollectionView */,
			);
			path = HomeProductTable;
			sourceTree = "<group>";
		};
		1057A1F72AFFA82C003F3C2D /* CatalogTypesTableView */ = {
			isa = PBXGroup;
			children = (
				1057A1F92AFFA899003F3C2D /* CatalogCategoryTableViewCell.swift */,
				1057A1FA2AFFA899003F3C2D /* CatalogCategoryTableViewCell.xib */,
				1057A1FD2AFFA978003F3C2D /* CatalogTypesCollectionView */,
			);
			path = CatalogTypesTableView;
			sourceTree = "<group>";
		};
		1057A1F82AFFA83E003F3C2D /* ProductsTableView */ = {
			isa = PBXGroup;
			children = (
				1057A2022AFFAA55003F3C2D /* CatalogProductTableCell.swift */,
				1057A2032AFFAA55003F3C2D /* CatalogProductTableCell.xib */,
				1057A2062AFFAB2C003F3C2D /* CategoryProductCollectionView */,
			);
			path = ProductsTableView;
			sourceTree = "<group>";
		};
		1057A1FD2AFFA978003F3C2D /* CatalogTypesCollectionView */ = {
			isa = PBXGroup;
			children = (
				1057A1FE2AFFA99D003F3C2D /* CatalogTypesCollectionViewCell.swift */,
				1057A1FF2AFFA99D003F3C2D /* CatalogTypesCollectionViewCell.xib */,
			);
			path = CatalogTypesCollectionView;
			sourceTree = "<group>";
		};
		1057A2062AFFAB2C003F3C2D /* CategoryProductCollectionView */ = {
			isa = PBXGroup;
			children = (
				1057A2072AFFAB52003F3C2D /* CategoryProductCollectionViewCell.swift */,
				1057A2082AFFAB52003F3C2D /* CategoryProductCollectionViewCell.xib */,
			);
			path = CategoryProductCollectionView;
			sourceTree = "<group>";
		};
		108305E92AFD2AD0007D48A9 /* View */ = {
			isa = PBXGroup;
			children = (
				102FBCF52B054D5300785829 /* ProductPageView */,
				10353BA72AFF78BD00286BB2 /* HomePageView */,
				1017DB7C2AFEBBEE00B24285 /* CatalogPageView */,
				1017DB862AFED5B200B24285 /* BasketPageView */,
				1017DB7F2AFEC69D00B24285 /* FavoritePageView */,
			);
			path = View;
			sourceTree = "<group>";
		};
		108B6AF62B0974290058EA3C /* JSON product  */ = {
			isa = PBXGroup;
			children = (
				10AC8FCB2B0CF321004467A6 /* read and write products */,
				10AC8FCA2B0CF308004467A6 /* pars for Favorites */,
				10AC8FC92B0CF26F004467A6 /* json data and struct */,
				108B6AFD2B09757D0058EA3C /* ProductJsGenerator.swift */,
				102FD3202B0BF486002572DF /* FavoriteJsManagerHelper.swift */,
				102FD3222B0BF4F4002572DF /* FavoriteFromJson.swift */,
			);
			path = "JSON product ";
			sourceTree = "<group>";
		};
		108B6AFF2B097BDE0058EA3C /* Structs */ = {
			isa = PBXGroup;
			children = (
				104BFD9D2B0285F7000667AE /* User.swift */,
				108FCDFA2B01378800516822 /* Categories.swift */,
				1017DB752AFEAD4800B24285 /* Product.swift */,
			);
			path = Structs;
			sourceTree = "<group>";
		};
		108FCE002B01554300516822 /* HomePage */ = {
			isa = PBXGroup;
			children = (
				108FCDF62B01269200516822 /* HomePageViewModel.swift */,
				108FCDF82B0133EB00516822 /* HomeProductTableViewModel.swift */,
				108FCDFE2B0139F800516822 /* HomeCategoryTableViewModel.swift */,
			);
			path = HomePage;
			sourceTree = "<group>";
		};
		108FCE012B01554E00516822 /* CatalogPage */ = {
			isa = PBXGroup;
			children = (
				108FCE022B01556200516822 /* CatalogPageViewModel.swift */,
				108FCE042B015A0D00516822 /* CatalogProductViewModel.swift */,
				108FCE062B01634300516822 /* CatalogCategoryViewModel.swift */,
			);
			path = CatalogPage;
			sourceTree = "<group>";
		};
		10AC8FC92B0CF26F004467A6 /* json data and struct */ = {
			isa = PBXGroup;
			children = (
				108B6AF72B0974520058EA3C /* PRODUCTJSON.json */,
				108B6AF92B0974E00058EA3C /* PRODUCTJs.swift */,
			);
			path = "json data and struct";
			sourceTree = "<group>";
		};
		10AC8FCA2B0CF308004467A6 /* pars for Favorites */ = {
			isa = PBXGroup;
			children = (
				10AC8FCC2B0CF3B7004467A6 /* ParserforFav.swift */,
			);
			path = "pars for Favorites";
			sourceTree = "<group>";
		};
		10AC8FCB2B0CF321004467A6 /* read and write products */ = {
			isa = PBXGroup;
			children = (
				102FD3242B0C018C002572DF /* ProductJsFileManager.swift */,
				102FD3262B0C01E3002572DF /* ProductJsParsHelper.swift */,
				108B6AFB2B09751C0058EA3C /* Parser.swift */,
			);
			path = "read and write products";
			sourceTree = "<group>";
		};
		10C754792AF69513004ED063 = {
			isa = PBXGroup;
			children = (
				10C754842AF69513004ED063 /* BuildMe */,
				10C754832AF69513004ED063 /* Products */,
			);
			sourceTree = "<group>";
		};
		10C754832AF69513004ED063 /* Products */ = {
			isa = PBXGroup;
			children = (
				10C754822AF69513004ED063 /* BuildMe.app */,
			);
			name = Products;
			sourceTree = "<group>";
		};
		10C754842AF69513004ED063 /* BuildMe */ = {
			isa = PBXGroup;
			children = (
				108305E92AFD2AD0007D48A9 /* View */,
				10C754A42AF6970A004ED063 /* Model */,
				10C754A32AF696FF004ED063 /* Controller */,
				10C754A12AF696E9004ED063 /* ViewModel */,
				10C754852AF69513004ED063 /* AppDelegate.swift */,
				10C754872AF69513004ED063 /* SceneDelegate.swift */,
				10C7548B2AF69513004ED063 /* Main.storyboard */,
				10C754912AF69514004ED063 /* Assets.xcassets */,
				10C754932AF69514004ED063 /* LaunchScreen.storyboard */,
				10C754962AF69514004ED063 /* Info.plist */,
				10C7548E2AF69513004ED063 /* BuildMe.xcdatamodeld */,
				103F8CBB2B0AB20A002F78A4 /* AnimationLogin.json */,
				103F8CBD2B0AB269002F78A4 /* AnimationRegister1.json */,
				103F8CBF2B0AB29B002F78A4 /* AnimationRegister.json */,
			);
			path = BuildMe;
			sourceTree = "<group>";
		};
		10C754A12AF696E9004ED063 /* ViewModel */ = {
			isa = PBXGroup;
			children = (
				108FCE012B01554E00516822 /* CatalogPage */,
				108FCE002B01554300516822 /* HomePage */,
				104BFDA12B028A94000667AE /* LoginPageViewModel.swift */,
				104BFDA32B02904A000667AE /* RegisterPageViewModel.swift */,
				10A456EC2B0676D0007BA7A3 /* FavoritePageViewModel.swift */,
				108B6B002B0986D70058EA3C /* ProductPageViewModel.swift */,
				1074E61E2B09A46E009D9AC4 /* ProfilPageViewModel.swift */,
			);
			path = ViewModel;
			sourceTree = "<group>";
		};
		10C754A32AF696FF004ED063 /* Controller */ = {
			isa = PBXGroup;
			children = (
				10C754A72AF69902004ED063 /* HomePageViewController.swift */,
				10C754A92AF6995A004ED063 /* CatalogPageViewController.swift */,
				1017DB7A2AFEB5AF00B24285 /* LoginPageViewController.swift */,
				10353BAC2AFF7F0D00286BB2 /* RegisterPageViewController.swift */,
				104BFD9B2B025A0B000667AE /* ProfilePageViewController.swift */,
				1017DB842AFED4CB00B24285 /* ProductPageController.swift */,
				10C754AB2AF6997A004ED063 /* FavoritePageViewController.swift */,
				10C754AD2AF699C7004ED063 /* BasketPageViewController.swift */,
			);
			path = Controller;
			sourceTree = "<group>";
		};
		10C754A42AF6970A004ED063 /* Model */ = {
			isa = PBXGroup;
			children = (
				1017DB792AFEAF4100B24285 /* Helper */,
				108B6AFF2B097BDE0058EA3C /* Structs */,
				108B6AF62B0974290058EA3C /* JSON product  */,
			);
			path = Model;
			sourceTree = "<group>";
		};
/* End PBXGroup section */

/* Begin PBXNativeTarget section */
		10C754812AF69513004ED063 /* BuildMe */ = {
			isa = PBXNativeTarget;
			buildConfigurationList = 10C754992AF69514004ED063 /* Build configuration list for PBXNativeTarget "BuildMe" */;
			buildPhases = (
				10C7547E2AF69513004ED063 /* Sources */,
				10C7547F2AF69513004ED063 /* Frameworks */,
				10C754802AF69513004ED063 /* Resources */,
			);
			buildRules = (
			);
			dependencies = (
			);
			name = BuildMe;
			packageProductDependencies = (
				10C7549D2AF6955C004ED063 /* Realm */,
				10C7549F2AF6955C004ED063 /* RealmSwift */,
				103F8CB92B0AB16F002F78A4 /* Lottie */,
			);
			productName = BuildMe;
			productReference = 10C754822AF69513004ED063 /* BuildMe.app */;
			productType = "com.apple.product-type.application";
		};
/* End PBXNativeTarget section */

/* Begin PBXProject section */
		10C7547A2AF69513004ED063 /* Project object */ = {
			isa = PBXProject;
			attributes = {
				BuildIndependentTargetsInParallel = 1;
				LastSwiftUpdateCheck = 1500;
				LastUpgradeCheck = 1500;
				TargetAttributes = {
					10C754812AF69513004ED063 = {
						CreatedOnToolsVersion = 15.0.1;
					};
				};
			};
			buildConfigurationList = 10C7547D2AF69513004ED063 /* Build configuration list for PBXProject "BuildMe" */;
			compatibilityVersion = "Xcode 14.0";
			developmentRegion = en;
			hasScannedForEncodings = 0;
			knownRegions = (
				en,
				Base,
			);
			mainGroup = 10C754792AF69513004ED063;
			packageReferences = (
				10C7549C2AF6955C004ED063 /* XCRemoteSwiftPackageReference "realm-swift" */,
				103F8CB82B0AB16F002F78A4 /* XCRemoteSwiftPackageReference "lottie-ios" */,
			);
			productRefGroup = 10C754832AF69513004ED063 /* Products */;
			projectDirPath = "";
			projectRoot = "";
			targets = (
				10C754812AF69513004ED063 /* BuildMe */,
			);
		};
/* End PBXProject section */

/* Begin PBXResourcesBuildPhase section */
		10C754802AF69513004ED063 /* Resources */ = {
			isa = PBXResourcesBuildPhase;
			buildActionMask = 2147483647;
			files = (
				1057A2052AFFAA55003F3C2D /* CatalogProductTableCell.xib in Resources */,
				103F8CBC2B0AB20A002F78A4 /* AnimationLogin.json in Resources */,
				103F8CC02B0AB29B002F78A4 /* AnimationRegister.json in Resources */,
				10353BAB2AFF790B00286BB2 /* HomeCategoryTableViewCell.xib in Resources */,
				1017DB722AFEA19700B24285 /* HomeHorizontalItemCell.xib in Resources */,
				1057A1FC2AFFA899003F3C2D /* CatalogCategoryTableViewCell.xib in Resources */,
				10C754952AF69514004ED063 /* LaunchScreen.storyboard in Resources */,
				1017DB832AFEC6C200B24285 /* FavoriteTableCell.xib in Resources */,
				108B6AF82B0974520058EA3C /* PRODUCTJSON.json in Resources */,
				1057A2012AFFA99D003F3C2D /* CatalogTypesCollectionViewCell.xib in Resources */,
				103F8CBE2B0AB269002F78A4 /* AnimationRegister1.json in Resources */,
				10C754922AF69514004ED063 /* Assets.xcassets in Resources */,
				1017DB8A2AFED5DA00B24285 /* BasketTableCell.xib in Resources */,
				10353BB32AFF828F00286BB2 /* HomeProductTableViewCell.xib in Resources */,
				10C7548D2AF69513004ED063 /* Main.storyboard in Resources */,
				108305EF2AFD30D8007D48A9 /* HomeCategoryHeaderCell.xib in Resources */,
				1057A20A2AFFAB52003F3C2D /* CategoryProductCollectionViewCell.xib in Resources */,
			);
			runOnlyForDeploymentPostprocessing = 0;
		};
/* End PBXResourcesBuildPhase section */

/* Begin PBXSourcesBuildPhase section */
		10C7547E2AF69513004ED063 /* Sources */ = {
			isa = PBXSourcesBuildPhase;
			buildActionMask = 2147483647;
			files = (
				108FCDFF2B0139F800516822 /* HomeCategoryTableViewModel.swift in Sources */,
				108FCDF92B0133EB00516822 /* HomeProductTableViewModel.swift in Sources */,
				1017DB852AFED4CB00B24285 /* ProductPageController.swift in Sources */,
				102FD3252B0C018C002572DF /* ProductJsFileManager.swift in Sources */,
				10A456EB2B06765F007BA7A3 /* FavoriteHelper.swift in Sources */,
				108305EE2AFD30D8007D48A9 /* HomeCategoryHeaderCell.swift in Sources */,
				104BFD9E2B0285F7000667AE /* User.swift in Sources */,
				108FCE052B015A0D00516822 /* CatalogProductViewModel.swift in Sources */,
				108B6B012B0986D70058EA3C /* ProductPageViewModel.swift in Sources */,
				1017DB892AFED5DA00B24285 /* BasketTableCell.swift in Sources */,
				102FD3212B0BF486002572DF /* FavoriteJsManagerHelper.swift in Sources */,
				1017DB712AFEA19700B24285 /* HomeHorizontalItemCell.swift in Sources */,
				1057A2042AFFAA55003F3C2D /* CatalogProductTableCell.swift in Sources */,
				10353BAD2AFF7F0D00286BB2 /* RegisterPageViewController.swift in Sources */,
				108FCDFD2B0137E000516822 /* CategoryHelper.swift in Sources */,
				108B6AFA2B0974E00058EA3C /* PRODUCTJs.swift in Sources */,
				10AC8FCD2B0CF3B7004467A6 /* ParserforFav.swift in Sources */,
				102FD3232B0BF4F4002572DF /* FavoriteFromJson.swift in Sources */,
				104BFDA02B028711000667AE /* UserHelper.swift in Sources */,
				10C754AC2AF6997A004ED063 /* FavoritePageViewController.swift in Sources */,
				10C754A82AF69902004ED063 /* HomePageViewController.swift in Sources */,
				1017DB782AFEAF3000B24285 /* ProductGenerator.swift in Sources */,
				108B6AFC2B09751C0058EA3C /* Parser.swift in Sources */,
				1057A1FB2AFFA899003F3C2D /* CatalogCategoryTableViewCell.swift in Sources */,
				1057A2002AFFA99D003F3C2D /* CatalogTypesCollectionViewCell.swift in Sources */,
				10353BAA2AFF790B00286BB2 /* HomeCategoryTableViewCell.swift in Sources */,
				108FCE072B01634300516822 /* CatalogCategoryViewModel.swift in Sources */,
				108FCDF72B01269200516822 /* HomePageViewModel.swift in Sources */,
				1017DB7B2AFEB5AF00B24285 /* LoginPageViewController.swift in Sources */,
				108B6AFE2B09757D0058EA3C /* ProductJsGenerator.swift in Sources */,
				108FCE032B01556200516822 /* CatalogPageViewModel.swift in Sources */,
				10A456ED2B0676D0007BA7A3 /* FavoritePageViewModel.swift in Sources */,
				1017DB762AFEAD4800B24285 /* Product.swift in Sources */,
				104BFDA22B028A94000667AE /* LoginPageViewModel.swift in Sources */,
				108FCDFB2B01378800516822 /* Categories.swift in Sources */,
				10C754862AF69513004ED063 /* AppDelegate.swift in Sources */,
				10C754902AF69513004ED063 /* BuildMe.xcdatamodeld in Sources */,
				1017DB822AFEC6C200B24285 /* FavoriteTableCell.swift in Sources */,
				10C754AE2AF699C7004ED063 /* BasketPageViewController.swift in Sources */,
				104BFD9C2B025A0B000667AE /* ProfilePageViewController.swift in Sources */,
				10C754AA2AF6995A004ED063 /* CatalogPageViewController.swift in Sources */,
				1074E61F2B09A46E009D9AC4 /* ProfilPageViewModel.swift in Sources */,
				10353BB22AFF828F00286BB2 /* HomeProductTableViewCell.swift in Sources */,
				102FD3272B0C01E3002572DF /* ProductJsParsHelper.swift in Sources */,
				104BFDA42B02904A000667AE /* RegisterPageViewModel.swift in Sources */,
				1057A2092AFFAB52003F3C2D /* CategoryProductCollectionViewCell.swift in Sources */,
				10C754882AF69513004ED063 /* SceneDelegate.swift in Sources */,
			);
			runOnlyForDeploymentPostprocessing = 0;
		};
/* End PBXSourcesBuildPhase section */

/* Begin PBXVariantGroup section */
		10C7548B2AF69513004ED063 /* Main.storyboard */ = {
			isa = PBXVariantGroup;
			children = (
				10C7548C2AF69513004ED063 /* Base */,
			);
			name = Main.storyboard;
			sourceTree = "<group>";
		};
		10C754932AF69514004ED063 /* LaunchScreen.storyboard */ = {
			isa = PBXVariantGroup;
			children = (
				10C754942AF69514004ED063 /* Base */,
			);
			name = LaunchScreen.storyboard;
			sourceTree = "<group>";
		};
/* End PBXVariantGroup section */

/* Begin XCBuildConfiguration section */
		10C754972AF69514004ED063 /* Debug */ = {
			isa = XCBuildConfiguration;
			buildSettings = {
				ALWAYS_SEARCH_USER_PATHS = NO;
				ASSETCATALOG_COMPILER_GENERATE_SWIFT_ASSET_SYMBOL_EXTENSIONS = YES;
				CLANG_ANALYZER_NONNULL = YES;
				CLANG_ANALYZER_NUMBER_OBJECT_CONVERSION = YES_AGGRESSIVE;
				CLANG_CXX_LANGUAGE_STANDARD = "gnu++20";
				CLANG_ENABLE_MODULES = YES;
				CLANG_ENABLE_OBJC_ARC = YES;
				CLANG_ENABLE_OBJC_WEAK = YES;
				CLANG_WARN_BLOCK_CAPTURE_AUTORELEASING = YES;
				CLANG_WARN_BOOL_CONVERSION = YES;
				CLANG_WARN_COMMA = YES;
				CLANG_WARN_CONSTANT_CONVERSION = YES;
				CLANG_WARN_DEPRECATED_OBJC_IMPLEMENTATIONS = YES;
				CLANG_WARN_DIRECT_OBJC_ISA_USAGE = YES_ERROR;
				CLANG_WARN_DOCUMENTATION_COMMENTS = YES;
				CLANG_WARN_EMPTY_BODY = YES;
				CLANG_WARN_ENUM_CONVERSION = YES;
				CLANG_WARN_INFINITE_RECURSION = YES;
				CLANG_WARN_INT_CONVERSION = YES;
				CLANG_WARN_NON_LITERAL_NULL_CONVERSION = YES;
				CLANG_WARN_OBJC_IMPLICIT_RETAIN_SELF = YES;
				CLANG_WARN_OBJC_LITERAL_CONVERSION = YES;
				CLANG_WARN_OBJC_ROOT_CLASS = YES_ERROR;
				CLANG_WARN_QUOTED_INCLUDE_IN_FRAMEWORK_HEADER = YES;
				CLANG_WARN_RANGE_LOOP_ANALYSIS = YES;
				CLANG_WARN_STRICT_PROTOTYPES = YES;
				CLANG_WARN_SUSPICIOUS_MOVE = YES;
				CLANG_WARN_UNGUARDED_AVAILABILITY = YES_AGGRESSIVE;
				CLANG_WARN_UNREACHABLE_CODE = YES;
				CLANG_WARN__DUPLICATE_METHOD_MATCH = YES;
				COPY_PHASE_STRIP = NO;
				DEBUG_INFORMATION_FORMAT = dwarf;
				ENABLE_STRICT_OBJC_MSGSEND = YES;
				ENABLE_TESTABILITY = YES;
				ENABLE_USER_SCRIPT_SANDBOXING = YES;
				GCC_C_LANGUAGE_STANDARD = gnu17;
				GCC_DYNAMIC_NO_PIC = NO;
				GCC_NO_COMMON_BLOCKS = YES;
				GCC_OPTIMIZATION_LEVEL = 0;
				GCC_PREPROCESSOR_DEFINITIONS = (
					"DEBUG=1",
					"$(inherited)",
				);
				GCC_WARN_64_TO_32_BIT_CONVERSION = YES;
				GCC_WARN_ABOUT_RETURN_TYPE = YES_ERROR;
				GCC_WARN_UNDECLARED_SELECTOR = YES;
				GCC_WARN_UNINITIALIZED_AUTOS = YES_AGGRESSIVE;
				GCC_WARN_UNUSED_FUNCTION = YES;
				GCC_WARN_UNUSED_VARIABLE = YES;
				IPHONEOS_DEPLOYMENT_TARGET = 17.0;
				LOCALIZATION_PREFERS_STRING_CATALOGS = YES;
				MTL_ENABLE_DEBUG_INFO = INCLUDE_SOURCE;
				MTL_FAST_MATH = YES;
				ONLY_ACTIVE_ARCH = YES;
				SDKROOT = iphoneos;
				SWIFT_ACTIVE_COMPILATION_CONDITIONS = "DEBUG $(inherited)";
				SWIFT_OPTIMIZATION_LEVEL = "-Onone";
			};
			name = Debug;
		};
		10C754982AF69514004ED063 /* Release */ = {
			isa = XCBuildConfiguration;
			buildSettings = {
				ALWAYS_SEARCH_USER_PATHS = NO;
				ASSETCATALOG_COMPILER_GENERATE_SWIFT_ASSET_SYMBOL_EXTENSIONS = YES;
				CLANG_ANALYZER_NONNULL = YES;
				CLANG_ANALYZER_NUMBER_OBJECT_CONVERSION = YES_AGGRESSIVE;
				CLANG_CXX_LANGUAGE_STANDARD = "gnu++20";
				CLANG_ENABLE_MODULES = YES;
				CLANG_ENABLE_OBJC_ARC = YES;
				CLANG_ENABLE_OBJC_WEAK = YES;
				CLANG_WARN_BLOCK_CAPTURE_AUTORELEASING = YES;
				CLANG_WARN_BOOL_CONVERSION = YES;
				CLANG_WARN_COMMA = YES;
				CLANG_WARN_CONSTANT_CONVERSION = YES;
				CLANG_WARN_DEPRECATED_OBJC_IMPLEMENTATIONS = YES;
				CLANG_WARN_DIRECT_OBJC_ISA_USAGE = YES_ERROR;
				CLANG_WARN_DOCUMENTATION_COMMENTS = YES;
				CLANG_WARN_EMPTY_BODY = YES;
				CLANG_WARN_ENUM_CONVERSION = YES;
				CLANG_WARN_INFINITE_RECURSION = YES;
				CLANG_WARN_INT_CONVERSION = YES;
				CLANG_WARN_NON_LITERAL_NULL_CONVERSION = YES;
				CLANG_WARN_OBJC_IMPLICIT_RETAIN_SELF = YES;
				CLANG_WARN_OBJC_LITERAL_CONVERSION = YES;
				CLANG_WARN_OBJC_ROOT_CLASS = YES_ERROR;
				CLANG_WARN_QUOTED_INCLUDE_IN_FRAMEWORK_HEADER = YES;
				CLANG_WARN_RANGE_LOOP_ANALYSIS = YES;
				CLANG_WARN_STRICT_PROTOTYPES = YES;
				CLANG_WARN_SUSPICIOUS_MOVE = YES;
				CLANG_WARN_UNGUARDED_AVAILABILITY = YES_AGGRESSIVE;
				CLANG_WARN_UNREACHABLE_CODE = YES;
				CLANG_WARN__DUPLICATE_METHOD_MATCH = YES;
				COPY_PHASE_STRIP = NO;
				DEBUG_INFORMATION_FORMAT = "dwarf-with-dsym";
				ENABLE_NS_ASSERTIONS = NO;
				ENABLE_STRICT_OBJC_MSGSEND = YES;
				ENABLE_USER_SCRIPT_SANDBOXING = YES;
				GCC_C_LANGUAGE_STANDARD = gnu17;
				GCC_NO_COMMON_BLOCKS = YES;
				GCC_WARN_64_TO_32_BIT_CONVERSION = YES;
				GCC_WARN_ABOUT_RETURN_TYPE = YES_ERROR;
				GCC_WARN_UNDECLARED_SELECTOR = YES;
				GCC_WARN_UNINITIALIZED_AUTOS = YES_AGGRESSIVE;
				GCC_WARN_UNUSED_FUNCTION = YES;
				GCC_WARN_UNUSED_VARIABLE = YES;
				IPHONEOS_DEPLOYMENT_TARGET = 17.0;
				LOCALIZATION_PREFERS_STRING_CATALOGS = YES;
				MTL_ENABLE_DEBUG_INFO = NO;
				MTL_FAST_MATH = YES;
				SDKROOT = iphoneos;
				SWIFT_COMPILATION_MODE = wholemodule;
				VALIDATE_PRODUCT = YES;
			};
			name = Release;
		};
		10C7549A2AF69514004ED063 /* Debug */ = {
			isa = XCBuildConfiguration;
			buildSettings = {
				ASSETCATALOG_COMPILER_APPICON_NAME = AppIcon;
				ASSETCATALOG_COMPILER_GLOBAL_ACCENT_COLOR_NAME = AccentColor;
				CODE_SIGN_STYLE = Automatic;
				CURRENT_PROJECT_VERSION = 1;
				DEVELOPMENT_TEAM = Y34U93D838;
				GENERATE_INFOPLIST_FILE = YES;
				INFOPLIST_FILE = BuildMe/Info.plist;
				INFOPLIST_KEY_UIApplicationSupportsIndirectInputEvents = YES;
				INFOPLIST_KEY_UILaunchStoryboardName = LaunchScreen;
				INFOPLIST_KEY_UIMainStoryboardFile = Main;
				INFOPLIST_KEY_UISupportedInterfaceOrientations_iPad = "UIInterfaceOrientationPortrait UIInterfaceOrientationPortraitUpsideDown UIInterfaceOrientationLandscapeLeft UIInterfaceOrientationLandscapeRight";
				INFOPLIST_KEY_UISupportedInterfaceOrientations_iPhone = "UIInterfaceOrientationPortrait UIInterfaceOrientationLandscapeLeft UIInterfaceOrientationLandscapeRight";
				LD_RUNPATH_SEARCH_PATHS = (
					"$(inherited)",
					"@executable_path/Frameworks",
				);
				MARKETING_VERSION = 1.0;
				PRODUCT_BUNDLE_IDENTIFIER = com.nazrindolkhanova.BuildMe;
				PRODUCT_NAME = "$(TARGET_NAME)";
				SWIFT_EMIT_LOC_STRINGS = YES;
				SWIFT_VERSION = 5.0;
				TARGETED_DEVICE_FAMILY = "1,2";
			};
			name = Debug;
		};
		10C7549B2AF69514004ED063 /* Release */ = {
			isa = XCBuildConfiguration;
			buildSettings = {
				ASSETCATALOG_COMPILER_APPICON_NAME = AppIcon;
				ASSETCATALOG_COMPILER_GLOBAL_ACCENT_COLOR_NAME = AccentColor;
				CODE_SIGN_STYLE = Automatic;
				CURRENT_PROJECT_VERSION = 1;
				DEVELOPMENT_TEAM = Y34U93D838;
				GENERATE_INFOPLIST_FILE = YES;
				INFOPLIST_FILE = BuildMe/Info.plist;
				INFOPLIST_KEY_UIApplicationSupportsIndirectInputEvents = YES;
				INFOPLIST_KEY_UILaunchStoryboardName = LaunchScreen;
				INFOPLIST_KEY_UIMainStoryboardFile = Main;
				INFOPLIST_KEY_UISupportedInterfaceOrientations_iPad = "UIInterfaceOrientationPortrait UIInterfaceOrientationPortraitUpsideDown UIInterfaceOrientationLandscapeLeft UIInterfaceOrientationLandscapeRight";
				INFOPLIST_KEY_UISupportedInterfaceOrientations_iPhone = "UIInterfaceOrientationPortrait UIInterfaceOrientationLandscapeLeft UIInterfaceOrientationLandscapeRight";
				LD_RUNPATH_SEARCH_PATHS = (
					"$(inherited)",
					"@executable_path/Frameworks",
				);
				MARKETING_VERSION = 1.0;
				PRODUCT_BUNDLE_IDENTIFIER = com.nazrindolkhanova.BuildMe;
				PRODUCT_NAME = "$(TARGET_NAME)";
				SWIFT_EMIT_LOC_STRINGS = YES;
				SWIFT_VERSION = 5.0;
				TARGETED_DEVICE_FAMILY = "1,2";
			};
			name = Release;
		};
/* End XCBuildConfiguration section */

/* Begin XCConfigurationList section */
		10C7547D2AF69513004ED063 /* Build configuration list for PBXProject "BuildMe" */ = {
			isa = XCConfigurationList;
			buildConfigurations = (
				10C754972AF69514004ED063 /* Debug */,
				10C754982AF69514004ED063 /* Release */,
			);
			defaultConfigurationIsVisible = 0;
			defaultConfigurationName = Release;
		};
		10C754992AF69514004ED063 /* Build configuration list for PBXNativeTarget "BuildMe" */ = {
			isa = XCConfigurationList;
			buildConfigurations = (
				10C7549A2AF69514004ED063 /* Debug */,
				10C7549B2AF69514004ED063 /* Release */,
			);
			defaultConfigurationIsVisible = 0;
			defaultConfigurationName = Release;
		};
/* End XCConfigurationList section */

/* Begin XCRemoteSwiftPackageReference section */
		103F8CB82B0AB16F002F78A4 /* XCRemoteSwiftPackageReference "lottie-ios" */ = {
			isa = XCRemoteSwiftPackageReference;
			repositoryURL = "https://github.com/airbnb/lottie-ios.git";
			requirement = {
				kind = upToNextMajorVersion;
				minimumVersion = 4.3.3;
			};
		};
		10C7549C2AF6955C004ED063 /* XCRemoteSwiftPackageReference "realm-swift" */ = {
			isa = XCRemoteSwiftPackageReference;
			repositoryURL = "https://github.com/realm/realm-swift.git";
			requirement = {
				branch = master;
				kind = branch;
			};
		};
/* End XCRemoteSwiftPackageReference section */

/* Begin XCSwiftPackageProductDependency section */
		103F8CB92B0AB16F002F78A4 /* Lottie */ = {
			isa = XCSwiftPackageProductDependency;
			package = 103F8CB82B0AB16F002F78A4 /* XCRemoteSwiftPackageReference "lottie-ios" */;
			productName = Lottie;
		};
		10C7549D2AF6955C004ED063 /* Realm */ = {
			isa = XCSwiftPackageProductDependency;
			package = 10C7549C2AF6955C004ED063 /* XCRemoteSwiftPackageReference "realm-swift" */;
			productName = Realm;
		};
		10C7549F2AF6955C004ED063 /* RealmSwift */ = {
			isa = XCSwiftPackageProductDependency;
			package = 10C7549C2AF6955C004ED063 /* XCRemoteSwiftPackageReference "realm-swift" */;
			productName = RealmSwift;
		};
/* End XCSwiftPackageProductDependency section */

/* Begin XCVersionGroup section */
		10C7548E2AF69513004ED063 /* BuildMe.xcdatamodeld */ = {
			isa = XCVersionGroup;
			children = (
				10C7548F2AF69513004ED063 /* BuildMe.xcdatamodel */,
			);
			currentVersion = 10C7548F2AF69513004ED063 /* BuildMe.xcdatamodel */;
			path = BuildMe.xcdatamodeld;
			sourceTree = "<group>";
			versionGroupType = wrapper.xcdatamodel;
		};
/* End XCVersionGroup section */
	};
	rootObject = 10C7547A2AF69513004ED063 /* Project object */;
}
